// !$*UTF8*$!
{
	archiveVersion = 1;
	classes = {
	};
	objectVersion = 50;
	objects = {

/* Begin PBXBuildFile section */
		712849012652DA0600C51ED5 /* Free_CookingApp.swift in Sources */ = {isa = PBXBuildFile; fileRef = 712849002652DA0600C51ED5 /* Free_CookingApp.swift */; };
		712849032652DA0600C51ED5 /* OnboardingScene.swift in Sources */ = {isa = PBXBuildFile; fileRef = 712849022652DA0600C51ED5 /* OnboardingScene.swift */; };
		712849052652DA0800C51ED5 /* Assets.xcassets in Resources */ = {isa = PBXBuildFile; fileRef = 712849042652DA0800C51ED5 /* Assets.xcassets */; };
		712849082652DA0800C51ED5 /* Preview Assets.xcassets in Resources */ = {isa = PBXBuildFile; fileRef = 712849072652DA0800C51ED5 /* Preview Assets.xcassets */; };
		7142FD56265731D1001DE2DB /* CookNowScene.swift in Sources */ = {isa = PBXBuildFile; fileRef = 7142FD55265731D1001DE2DB /* CookNowScene.swift */; };
		718673D72652E15000682517 /* Colors.swift in Sources */ = {isa = PBXBuildFile; fileRef = 718673D62652E15000682517 /* Colors.swift */; };
		718673DC2652EA9D00682517 /* UINavigationBar+Extension.swift in Sources */ = {isa = PBXBuildFile; fileRef = 718673DB2652EA9D00682517 /* UINavigationBar+Extension.swift */; };
		718673E52652ECC600682517 /* MainTabScene.swift in Sources */ = {isa = PBXBuildFile; fileRef = 718673E42652ECC600682517 /* MainTabScene.swift */; };
		718673EA2652F0FB00682517 /* InspirationsScene.swift in Sources */ = {isa = PBXBuildFile; fileRef = 718673E92652F0FB00682517 /* InspirationsScene.swift */; };
		718673F12652F4F700682517 /* NavigationTitleView.swift in Sources */ = {isa = PBXBuildFile; fileRef = 718673F02652F4F700682517 /* NavigationTitleView.swift */; };
		71B49CE52655B70800FA5803 /* MyRecipesScene.swift in Sources */ = {isa = PBXBuildFile; fileRef = 71B49CE42655B70800FA5803 /* MyRecipesScene.swift */; };
		71B49CEB2655B78900FA5803 /* SearchNavigationView.swift in Sources */ = {isa = PBXBuildFile; fileRef = 71B49CEA2655B78900FA5803 /* SearchNavigationView.swift */; };
		71B49CEF2655BAD400FA5803 /* TimeAndPeopleView.swift in Sources */ = {isa = PBXBuildFile; fileRef = 71B49CEE2655BAD400FA5803 /* TimeAndPeopleView.swift */; };
/* End PBXBuildFile section */

/* Begin PBXFileReference section */
		712848FD2652DA0600C51ED5 /* Free Cooking.app */ = {isa = PBXFileReference; explicitFileType = wrapper.application; includeInIndex = 0; path = "Free Cooking.app"; sourceTree = BUILT_PRODUCTS_DIR; };
		712849002652DA0600C51ED5 /* Free_CookingApp.swift */ = {isa = PBXFileReference; lastKnownFileType = sourcecode.swift; path = Free_CookingApp.swift; sourceTree = "<group>"; };
		712849022652DA0600C51ED5 /* OnboardingScene.swift */ = {isa = PBXFileReference; lastKnownFileType = sourcecode.swift; path = OnboardingScene.swift; sourceTree = "<group>"; };
		712849042652DA0800C51ED5 /* Assets.xcassets */ = {isa = PBXFileReference; lastKnownFileType = folder.assetcatalog; path = Assets.xcassets; sourceTree = "<group>"; };
		712849072652DA0800C51ED5 /* Preview Assets.xcassets */ = {isa = PBXFileReference; lastKnownFileType = folder.assetcatalog; path = "Preview Assets.xcassets"; sourceTree = "<group>"; };
		712849092652DA0800C51ED5 /* Info.plist */ = {isa = PBXFileReference; lastKnownFileType = text.plist.xml; path = Info.plist; sourceTree = "<group>"; };
		7142FD55265731D1001DE2DB /* CookNowScene.swift */ = {isa = PBXFileReference; lastKnownFileType = sourcecode.swift; path = CookNowScene.swift; sourceTree = "<group>"; };
		718673D62652E15000682517 /* Colors.swift */ = {isa = PBXFileReference; lastKnownFileType = sourcecode.swift; path = Colors.swift; sourceTree = "<group>"; };
		718673DB2652EA9D00682517 /* UINavigationBar+Extension.swift */ = {isa = PBXFileReference; lastKnownFileType = sourcecode.swift; path = "UINavigationBar+Extension.swift"; sourceTree = "<group>"; };
		718673E42652ECC600682517 /* MainTabScene.swift */ = {isa = PBXFileReference; lastKnownFileType = sourcecode.swift; path = MainTabScene.swift; sourceTree = "<group>"; };
		718673E92652F0FB00682517 /* InspirationsScene.swift */ = {isa = PBXFileReference; lastKnownFileType = sourcecode.swift; path = InspirationsScene.swift; sourceTree = "<group>"; };
		718673F02652F4F700682517 /* NavigationTitleView.swift */ = {isa = PBXFileReference; lastKnownFileType = sourcecode.swift; path = NavigationTitleView.swift; sourceTree = "<group>"; };
		71B49CE42655B70800FA5803 /* MyRecipesScene.swift */ = {isa = PBXFileReference; lastKnownFileType = sourcecode.swift; path = MyRecipesScene.swift; sourceTree = "<group>"; };
		71B49CEA2655B78900FA5803 /* SearchNavigationView.swift */ = {isa = PBXFileReference; lastKnownFileType = sourcecode.swift; path = SearchNavigationView.swift; sourceTree = "<group>"; };
		71B49CEE2655BAD400FA5803 /* TimeAndPeopleView.swift */ = {isa = PBXFileReference; lastKnownFileType = sourcecode.swift; path = TimeAndPeopleView.swift; sourceTree = "<group>"; };
/* End PBXFileReference section */

/* Begin PBXFrameworksBuildPhase section */
		712848FA2652DA0600C51ED5 /* Frameworks */ = {
			isa = PBXFrameworksBuildPhase;
			buildActionMask = 2147483647;
			files = (
			);
			runOnlyForDeploymentPostprocessing = 0;
		};
/* End PBXFrameworksBuildPhase section */

/* Begin PBXGroup section */
		712848F42652DA0600C51ED5 = {
			isa = PBXGroup;
			children = (
				712848FF2652DA0600C51ED5 /* Free Cooking */,
				712848FE2652DA0600C51ED5 /* Products */,
			);
			sourceTree = "<group>";
		};
		712848FE2652DA0600C51ED5 /* Products */ = {
			isa = PBXGroup;
			children = (
				712848FD2652DA0600C51ED5 /* Free Cooking.app */,
			);
			name = Products;
			sourceTree = "<group>";
		};
		712848FF2652DA0600C51ED5 /* Free Cooking */ = {
			isa = PBXGroup;
			children = (
				718673E12652EC2700682517 /* Features */,
				718673D52652E14800682517 /* Utils */,
				712849002652DA0600C51ED5 /* Free_CookingApp.swift */,
				712849042652DA0800C51ED5 /* Assets.xcassets */,
				712849092652DA0800C51ED5 /* Info.plist */,
				712849062652DA0800C51ED5 /* Preview Content */,
			);
			path = "Free Cooking";
			sourceTree = "<group>";
		};
		712849062652DA0800C51ED5 /* Preview Content */ = {
			isa = PBXGroup;
			children = (
				712849072652DA0800C51ED5 /* Preview Assets.xcassets */,
			);
			path = "Preview Content";
			sourceTree = "<group>";
		};
		718673D52652E14800682517 /* Utils */ = {
			isa = PBXGroup;
			children = (
				718673D62652E15000682517 /* Colors.swift */,
				718673DB2652EA9D00682517 /* UINavigationBar+Extension.swift */,
			);
			path = Utils;
			sourceTree = "<group>";
		};
		718673E12652EC2700682517 /* Features */ = {
			isa = PBXGroup;
			children = (
				718673EE2652F4DE00682517 /* Components */,
				718673E32652EC3B00682517 /* MainTab */,
				718673E22652EC2B00682517 /* Onboarding */,
			);
			path = Features;
			sourceTree = "<group>";
		};
		718673E22652EC2B00682517 /* Onboarding */ = {
			isa = PBXGroup;
			children = (
				712849022652DA0600C51ED5 /* OnboardingScene.swift */,
			);
			path = Onboarding;
			sourceTree = "<group>";
		};
		718673E32652EC3B00682517 /* MainTab */ = {
			isa = PBXGroup;
			children = (
				71B49CE92655B76C00FA5803 /* Cook Now */,
				71B49CE32655B6F600FA5803 /* My Recipes */,
				718673E82652F0EB00682517 /* Inspirations */,
				718673E42652ECC600682517 /* MainTabScene.swift */,
			);
			path = MainTab;
			sourceTree = "<group>";
		};
		718673E82652F0EB00682517 /* Inspirations */ = {
			isa = PBXGroup;
			children = (
				718673E92652F0FB00682517 /* InspirationsScene.swift */,
			);
			path = Inspirations;
			sourceTree = "<group>";
		};
		718673EE2652F4DE00682517 /* Components */ = {
			isa = PBXGroup;
			children = (
				718673F02652F4F700682517 /* NavigationTitleView.swift */,
				71B49CEA2655B78900FA5803 /* SearchNavigationView.swift */,
				71B49CEE2655BAD400FA5803 /* TimeAndPeopleView.swift */,
			);
			path = Components;
			sourceTree = "<group>";
		};
		71B49CE32655B6F600FA5803 /* My Recipes */ = {
			isa = PBXGroup;
			children = (
				71B49CE42655B70800FA5803 /* MyRecipesScene.swift */,
			);
			path = "My Recipes";
			sourceTree = "<group>";
		};
		71B49CE92655B76C00FA5803 /* Cook Now */ = {
			isa = PBXGroup;
			children = (
				7142FD55265731D1001DE2DB /* CookNowScene.swift */,
			);
			path = "Cook Now";
			sourceTree = "<group>";
		};
/* End PBXGroup section */

/* Begin PBXNativeTarget section */
		712848FC2652DA0600C51ED5 /* Free Cooking */ = {
			isa = PBXNativeTarget;
			buildConfigurationList = 7128490C2652DA0800C51ED5 /* Build configuration list for PBXNativeTarget "Free Cooking" */;
			buildPhases = (
				712848F92652DA0600C51ED5 /* Sources */,
				712848FA2652DA0600C51ED5 /* Frameworks */,
				712848FB2652DA0600C51ED5 /* Resources */,
			);
			buildRules = (
			);
			dependencies = (
			);
			name = "Free Cooking";
			productName = "Free Cooking";
			productReference = 712848FD2652DA0600C51ED5 /* Free Cooking.app */;
			productType = "com.apple.product-type.application";
		};
/* End PBXNativeTarget section */

/* Begin PBXProject section */
		712848F52652DA0600C51ED5 /* Project object */ = {
			isa = PBXProject;
			attributes = {
				LastSwiftUpdateCheck = 1240;
				LastUpgradeCheck = 1240;
				TargetAttributes = {
					712848FC2652DA0600C51ED5 = {
						CreatedOnToolsVersion = 12.4;
					};
				};
			};
			buildConfigurationList = 712848F82652DA0600C51ED5 /* Build configuration list for PBXProject "Free Cooking" */;
			compatibilityVersion = "Xcode 9.3";
			developmentRegion = en;
			hasScannedForEncodings = 0;
			knownRegions = (
				en,
				Base,
			);
			mainGroup = 712848F42652DA0600C51ED5;
			productRefGroup = 712848FE2652DA0600C51ED5 /* Products */;
			projectDirPath = "";
			projectRoot = "";
			targets = (
				712848FC2652DA0600C51ED5 /* Free Cooking */,
			);
		};
/* End PBXProject section */

/* Begin PBXResourcesBuildPhase section */
		712848FB2652DA0600C51ED5 /* Resources */ = {
			isa = PBXResourcesBuildPhase;
			buildActionMask = 2147483647;
			files = (
				712849082652DA0800C51ED5 /* Preview Assets.xcassets in Resources */,
				712849052652DA0800C51ED5 /* Assets.xcassets in Resources */,
			);
			runOnlyForDeploymentPostprocessing = 0;
		};
/* End PBXResourcesBuildPhase section */

/* Begin PBXSourcesBuildPhase section */
		712848F92652DA0600C51ED5 /* Sources */ = {
			isa = PBXSourcesBuildPhase;
			buildActionMask = 2147483647;
			files = (
				712849032652DA0600C51ED5 /* OnboardingScene.swift in Sources */,
				718673F12652F4F700682517 /* NavigationTitleView.swift in Sources */,
				718673EA2652F0FB00682517 /* InspirationsScene.swift in Sources */,
				71B49CE52655B70800FA5803 /* MyRecipesScene.swift in Sources */,
				71B49CEF2655BAD400FA5803 /* TimeAndPeopleView.swift in Sources */,
				7142FD56265731D1001DE2DB /* CookNowScene.swift in Sources */,
				718673DC2652EA9D00682517 /* UINavigationBar+Extension.swift in Sources */,
				718673E52652ECC600682517 /* MainTabScene.swift in Sources */,
				71B49CEB2655B78900FA5803 /* SearchNavigationView.swift in Sources */,
				718673D72652E15000682517 /* Colors.swift in Sources */,
				712849012652DA0600C51ED5 /* Free_CookingApp.swift in Sources */,
			);
			runOnlyForDeploymentPostprocessing = 0;
		};
/* End PBXSourcesBuildPhase section */

/* Begin XCBuildConfiguration section */
		7128490A2652DA0800C51ED5 /* Debug */ = {
			isa = XCBuildConfiguration;
			buildSettings = {
				ALWAYS_SEARCH_USER_PATHS = NO;
				CLANG_ANALYZER_NONNULL = YES;
				CLANG_ANALYZER_NUMBER_OBJECT_CONVERSION = YES_AGGRESSIVE;
				CLANG_CXX_LANGUAGE_STANDARD = "gnu++14";
				CLANG_CXX_LIBRARY = "libc++";
				CLANG_ENABLE_MODULES = YES;
				CLANG_ENABLE_OBJC_ARC = YES;
				CLANG_ENABLE_OBJC_WEAK = YES;
				CLANG_WARN_BLOCK_CAPTURE_AUTORELEASING = YES;
				CLANG_WARN_BOOL_CONVERSION = YES;
				CLANG_WARN_COMMA = YES;
				CLANG_WARN_CONSTANT_CONVERSION = YES;
				CLANG_WARN_DEPRECATED_OBJC_IMPLEMENTATIONS = YES;
				CLANG_WARN_DIRECT_OBJC_ISA_USAGE = YES_ERROR;
				CLANG_WARN_DOCUMENTATION_COMMENTS = YES;
				CLANG_WARN_EMPTY_BODY = YES;
				CLANG_WARN_ENUM_CONVERSION = YES;
				CLANG_WARN_INFINITE_RECURSION = YES;
				CLANG_WARN_INT_CONVERSION = YES;
				CLANG_WARN_NON_LITERAL_NULL_CONVERSION = YES;
				CLANG_WARN_OBJC_IMPLICIT_RETAIN_SELF = YES;
				CLANG_WARN_OBJC_LITERAL_CONVERSION = YES;
				CLANG_WARN_OBJC_ROOT_CLASS = YES_ERROR;
				CLANG_WARN_QUOTED_INCLUDE_IN_FRAMEWORK_HEADER = YES;
				CLANG_WARN_RANGE_LOOP_ANALYSIS = YES;
				CLANG_WARN_STRICT_PROTOTYPES = YES;
				CLANG_WARN_SUSPICIOUS_MOVE = YES;
				CLANG_WARN_UNGUARDED_AVAILABILITY = YES_AGGRESSIVE;
				CLANG_WARN_UNREACHABLE_CODE = YES;
				CLANG_WARN__DUPLICATE_METHOD_MATCH = YES;
				COPY_PHASE_STRIP = NO;
				DEBUG_INFORMATION_FORMAT = dwarf;
				ENABLE_STRICT_OBJC_MSGSEND = YES;
				ENABLE_TESTABILITY = YES;
				GCC_C_LANGUAGE_STANDARD = gnu11;
				GCC_DYNAMIC_NO_PIC = NO;
				GCC_NO_COMMON_BLOCKS = YES;
				GCC_OPTIMIZATION_LEVEL = 0;
				GCC_PREPROCESSOR_DEFINITIONS = (
					"DEBUG=1",
					"$(inherited)",
				);
				GCC_WARN_64_TO_32_BIT_CONVERSION = YES;
				GCC_WARN_ABOUT_RETURN_TYPE = YES_ERROR;
				GCC_WARN_UNDECLARED_SELECTOR = YES;
				GCC_WARN_UNINITIALIZED_AUTOS = YES_AGGRESSIVE;
				GCC_WARN_UNUSED_FUNCTION = YES;
				GCC_WARN_UNUSED_VARIABLE = YES;
				IPHONEOS_DEPLOYMENT_TARGET = 14.4;
				MTL_ENABLE_DEBUG_INFO = INCLUDE_SOURCE;
				MTL_FAST_MATH = YES;
				ONLY_ACTIVE_ARCH = YES;
				SDKROOT = iphoneos;
				SWIFT_ACTIVE_COMPILATION_CONDITIONS = DEBUG;
				SWIFT_OPTIMIZATION_LEVEL = "-Onone";
			};
			name = Debug;
		};
		7128490B2652DA0800C51ED5 /* Release */ = {
			isa = XCBuildConfiguration;
			buildSettings = {
				ALWAYS_SEARCH_USER_PATHS = NO;
				CLANG_ANALYZER_NONNULL = YES;
				CLANG_ANALYZER_NUMBER_OBJECT_CONVERSION = YES_AGGRESSIVE;
				CLANG_CXX_LANGUAGE_STANDARD = "gnu++14";
				CLANG_CXX_LIBRARY = "libc++";
				CLANG_ENABLE_MODULES = YES;
				CLANG_ENABLE_OBJC_ARC = YES;
				CLANG_ENABLE_OBJC_WEAK = YES;
				CLANG_WARN_BLOCK_CAPTURE_AUTORELEASING = YES;
				CLANG_WARN_BOOL_CONVERSION = YES;
				CLANG_WARN_COMMA = YES;
				CLANG_WARN_CONSTANT_CONVERSION = YES;
				CLANG_WARN_DEPRECATED_OBJC_IMPLEMENTATIONS = YES;
				CLANG_WARN_DIRECT_OBJC_ISA_USAGE = YES_ERROR;
				CLANG_WARN_DOCUMENTATION_COMMENTS = YES;
				CLANG_WARN_EMPTY_BODY = YES;
				CLANG_WARN_ENUM_CONVERSION = YES;
				CLANG_WARN_INFINITE_RECURSION = YES;
				CLANG_WARN_INT_CONVERSION = YES;
				CLANG_WARN_NON_LITERAL_NULL_CONVERSION = YES;
				CLANG_WARN_OBJC_IMPLICIT_RETAIN_SELF = YES;
				CLANG_WARN_OBJC_LITERAL_CONVERSION = YES;
				CLANG_WARN_OBJC_ROOT_CLASS = YES_ERROR;
				CLANG_WARN_QUOTED_INCLUDE_IN_FRAMEWORK_HEADER = YES;
				CLANG_WARN_RANGE_LOOP_ANALYSIS = YES;
				CLANG_WARN_STRICT_PROTOTYPES = YES;
				CLANG_WARN_SUSPICIOUS_MOVE = YES;
				CLANG_WARN_UNGUARDED_AVAILABILITY = YES_AGGRESSIVE;
				CLANG_WARN_UNREACHABLE_CODE = YES;
				CLANG_WARN__DUPLICATE_METHOD_MATCH = YES;
				COPY_PHASE_STRIP = NO;
				DEBUG_INFORMATION_FORMAT = "dwarf-with-dsym";
				ENABLE_NS_ASSERTIONS = NO;
				ENABLE_STRICT_OBJC_MSGSEND = YES;
				GCC_C_LANGUAGE_STANDARD = gnu11;
				GCC_NO_COMMON_BLOCKS = YES;
				GCC_WARN_64_TO_32_BIT_CONVERSION = YES;
				GCC_WARN_ABOUT_RETURN_TYPE = YES_ERROR;
				GCC_WARN_UNDECLARED_SELECTOR = YES;
				GCC_WARN_UNINITIALIZED_AUTOS = YES_AGGRESSIVE;
				GCC_WARN_UNUSED_FUNCTION = YES;
				GCC_WARN_UNUSED_VARIABLE = YES;
				IPHONEOS_DEPLOYMENT_TARGET = 14.4;
				MTL_ENABLE_DEBUG_INFO = NO;
				MTL_FAST_MATH = YES;
				SDKROOT = iphoneos;
				SWIFT_COMPILATION_MODE = wholemodule;
				SWIFT_OPTIMIZATION_LEVEL = "-O";
				VALIDATE_PRODUCT = YES;
			};
			name = Release;
		};
		7128490D2652DA0800C51ED5 /* Debug */ = {
			isa = XCBuildConfiguration;
			buildSettings = {
				ASSETCATALOG_COMPILER_APPICON_NAME = AppIcon;
				ASSETCATALOG_COMPILER_GLOBAL_ACCENT_COLOR_NAME = AccentColor;
				CODE_SIGN_STYLE = Automatic;
				DEVELOPMENT_ASSET_PATHS = "\"Free Cooking/Preview Content\"";
				DEVELOPMENT_TEAM = DU28R9GF96;
				ENABLE_PREVIEWS = YES;
				INFOPLIST_FILE = "Free Cooking/Info.plist";
				IPHONEOS_DEPLOYMENT_TARGET = 14.0;
				LD_RUNPATH_SEARCH_PATHS = (
					"$(inherited)",
					"@executable_path/Frameworks",
				);
				PRODUCT_BUNDLE_IDENTIFIER = "com.rlmg.Free-Cooking-App";
				PRODUCT_NAME = "$(TARGET_NAME)";
				SWIFT_VERSION = 5.0;
				TARGETED_DEVICE_FAMILY = "1,2";
			};
			name = Debug;
		};
		7128490E2652DA0800C51ED5 /* Release */ = {
			isa = XCBuildConfiguration;
			buildSettings = {
				ASSETCATALOG_COMPILER_APPICON_NAME = AppIcon;
				ASSETCATALOG_COMPILER_GLOBAL_ACCENT_COLOR_NAME = AccentColor;
				CODE_SIGN_STYLE = Automatic;
				DEVELOPMENT_ASSET_PATHS = "\"Free Cooking/Preview Content\"";
				DEVELOPMENT_TEAM = DU28R9GF96;
				ENABLE_PREVIEWS = YES;
				INFOPLIST_FILE = "Free Cooking/Info.plist";
				IPHONEOS_DEPLOYMENT_TARGET = 14.0;
				LD_RUNPATH_SEARCH_PATHS = (
					"$(inherited)",
					"@executable_path/Frameworks",
				);
				PRODUCT_BUNDLE_IDENTIFIER = "com.rlmg.Free-Cooking-App";
				PRODUCT_NAME = "$(TARGET_NAME)";
				SWIFT_VERSION = 5.0;
				TARGETED_DEVICE_FAMILY = "1,2";
			};
			name = Release;
		};
/* End XCBuildConfiguration section */

/* Begin XCConfigurationList section */
		712848F82652DA0600C51ED5 /* Build configuration list for PBXProject "Free Cooking" */ = {
			isa = XCConfigurationList;
			buildConfigurations = (
				7128490A2652DA0800C51ED5 /* Debug */,
				7128490B2652DA0800C51ED5 /* Release */,
			);
			defaultConfigurationIsVisible = 0;
			defaultConfigurationName = Release;
		};
		7128490C2652DA0800C51ED5 /* Build configuration list for PBXNativeTarget "Free Cooking" */ = {
			isa = XCConfigurationList;
			buildConfigurations = (
				7128490D2652DA0800C51ED5 /* Debug */,
				7128490E2652DA0800C51ED5 /* Release */,
			);
			defaultConfigurationIsVisible = 0;
			defaultConfigurationName = Release;
		};
/* End XCConfigurationList section */
	};
	rootObject = 712848F52652DA0600C51ED5 /* Project object */;
}
